
Microsoft Visual Studio Solution File, Format Version 12.00
# Visual Studio Version 16
VisualStudioVersion = 16.0.32413.511
MinimumVisualStudioVersion = 10.0.40219.1
Project("{FAE04EC0-301F-11D3-BF4B-00C04F79EFBC}") = "Yarı Dijital Modüler Eğitim Materyali Yazılımı", "Yarı Dijital Modüler Eğitim Materyali Yazılımı\Yarı Dijital Modüler Eğitim Materyali Yazılımı.csproj", "{AD07E3A5-2D62-40E8-9C00-DD2E70783D66}"
EndProject
Global
	GlobalSection(SolutionConfigurationPlatforms) = preSolution
		Debug|Any CPU = Debug|Any CPU
		Release|Any CPU = Release|Any CPU
	EndGlobalSection
	GlobalSection(ProjectConfigurationPlatforms) = postSolution
		{AD07E3A5-2D62-40E8-9C00-DD2E70783D66}.Debug|Any CPU.ActiveCfg = Debug|Any CPU
		{AD07E3A5-2D62-40E8-9C00-DD2E70783D66}.Debug|Any CPU.Build.0 = Debug|Any CPU
		{AD07E3A5-2D62-40E8-9C00-DD2E70783D66}.Release|Any CPU.ActiveCfg = Release|Any CPU
		{AD07E3A5-2D62-40E8-9C00-DD2E70783D66}.Release|Any CPU.Build.0 = Release|Any CPU
	EndGlobalSection
	GlobalSection(SolutionProperties) = preSolution
		HideSolutionNode = FALSE
	EndGlobalSection
	GlobalSection(ExtensibilityGlobals) = postSolution
		SolutionGuid = {468FFCCA-5060-4286-BC2F-53456638ED0F}
	EndGlobalSection
EndGlobal
